
Microsoft Visual Studio Solution File, Format Version 12.00
# Visual Studio Version 16
VisualStudioVersion = 16.0.30804.86
MinimumVisualStudioVersion = 10.0.40219.1
Project("{FAE04EC0-301F-11D3-BF4B-00C04F79EFBC}") = "GestionBibliothéque", "GestionBibliothéque\GestionBibliothéque.csproj", "{AE2516EB-8F91-4812-B634-4437CF1419F7}"
EndProject
Global
	GlobalSection(SolutionConfigurationPlatforms) = preSolution
		Debug|Any CPU = Debug|Any CPU
		Release|Any CPU = Release|Any CPU
	EndGlobalSection
	GlobalSection(ProjectConfigurationPlatforms) = postSolution
		{AE2516EB-8F91-4812-B634-4437CF1419F7}.Debug|Any CPU.ActiveCfg = Debug|Any CPU
		{AE2516EB-8F91-4812-B634-4437CF1419F7}.Debug|Any CPU.Build.0 = Debug|Any CPU
		{AE2516EB-8F91-4812-B634-4437CF1419F7}.Release|Any CPU.ActiveCfg = Release|Any CPU
		{AE2516EB-8F91-4812-B634-4437CF1419F7}.Release|Any CPU.Build.0 = Release|Any CPU
	EndGlobalSection
	GlobalSection(SolutionProperties) = preSolution
		HideSolutionNode = FALSE
	EndGlobalSection
	GlobalSection(ExtensibilityGlobals) = postSolution
		SolutionGuid = {EFCDD438-544F-453F-A530-52ACB5D6E3B9}
	EndGlobalSection
EndGlobal
